Microsoft Visual Studio Solution File, Format Version 12.00
# Visual Studio Version 17
VisualStudioVersion = 17.8.34330.188
MinimumVisualStudioVersion = 10.0.40219.1
Project("{FAE04EC0-301F-11D3-BF4B-00C04F79EFBC}") = "HRSystem.Domain", "src\HRSystem.Domain\HRSystem.Domain.csproj", "{1A1A1A1A-0000-0000-0000-000000000001}"
EndProject
Project("{FAE04EC0-301F-11D3-BF4B-00C04F79EFBC}") = "HRSystem.Application", "src\HRSystem.Application\HRSystem.Application.csproj", "{2B2B2B2B-0000-0000-0000-000000000002}"
EndProject
Project("{FAE04EC0-301F-11D3-BF4B-00C04F79EFBC}") = "HRSystem.Infrastructure", "src\HRSystem.Infrastructure\HRSystem.Infrastructure.csproj", "{3C3C3C3C-0000-0000-0000-000000000003}"
EndProject
Project("{FAE04EC0-301F-11D3-BF4B-00C04F79EFBC}") = "HRSystem.API", "src\HRSystem.API\HRSystem.API.csproj", "{4D4D4D4D-0000-0000-0000-000000000004}"
EndProject
Global
	GlobalSection(SolutionConfigurationPlatforms) = preSolution
		Debug|Any CPU = Debug|Any CPU
		Release|Any CPU = Release|Any CPU
	EndGlobalSection
	GlobalSection(ProjectConfigurationPlatforms) = postSolution
		{1A1A1A1A-0000-0000-0000-000000000001}.Debug|Any CPU.ActiveCfg = Debug|Any CPU
		{1A1A1A1A-0000-0000-0000-000000000001}.Debug|Any CPU.Build.0 = Debug|Any CPU
		{1A1A1A1A-0000-0000-0000-000000000001}.Release|Any CPU.ActiveCfg = Release|Any CPU
		{1A1A1A1A-0000-0000-0000-000000000001}.Release|Any CPU.Build.0 = Release|Any CPU
		{2B2B2B2B-0000-0000-0000-000000000002}.Debug|Any CPU.ActiveCfg = Debug|Any CPU
		{2B2B2B2B-0000-0000-0000-000000000002}.Debug|Any CPU.Build.0 = Debug|Any CPU
		{2B2B2B2B-0000-0000-0000-000000000002}.Release|Any CPU.ActiveCfg = Release|Any CPU
		{2B2B2B2B-0000-0000-0000-000000000002}.Release|Any CPU.Build.0 = Release|Any CPU
		{3C3C3C3C-0000-0000-0000-000000000003}.Debug|Any CPU.ActiveCfg = Debug|Any CPU
		{3C3C3C3C-0000-0000-0000-000000000003}.Debug|Any CPU.Build.0 = Debug|Any CPU
		{3C3C3C3C-0000-0000-0000-000000000003}.Release|Any CPU.ActiveCfg = Release|Any CPU
		{3C3C3C3C-0000-0000-0000-000000000003}.Release|Any CPU.Build.0 = Release|Any CPU
		{4D4D4D4D-0000-0000-0000-000000000004}.Debug|Any CPU.ActiveCfg = Debug|Any CPU
		{4D4D4D4D-0000-0000-0000-000000000004}.Debug|Any CPU.Build.0 = Debug|Any CPU
		{4D4D4D4D-0000-0000-0000-000000000004}.Release|Any CPU.ActiveCfg = Release|Any CPU
		{4D4D4D4D-0000-0000-0000-000000000004}.Release|Any CPU.Build.0 = Release|Any CPU
	EndGlobalSection
EndGlobal
